
Microsoft Visual Studio Solution File, Format Version 12.00
# Visual Studio 15
VisualStudioVersion = 15.0.27825.0
MinimumVisualStudioVersion = 10.0.40219.1
Project("{FAE04EC0-301F-11D3-BF4B-00C04F79EFBC}") = "Oragon.Common", "Oragon.Common\Oragon.Common.csproj", "{5FBD0AF2-BE4E-4DB0-8BB0-9D432926651C}"
EndProject
Global
	GlobalSection(SolutionConfigurationPlatforms) = preSolution
		Debug|Any CPU = Debug|Any CPU
		Release|Any CPU = Release|Any CPU
	EndGlobalSection
	GlobalSection(ProjectConfigurationPlatforms) = postSolution
		{5FBD0AF2-BE4E-4DB0-8BB0-9D432926651C}.Debug|Any CPU.ActiveCfg = Debug|Any CPU
		{5FBD0AF2-BE4E-4DB0-8BB0-9D432926651C}.Debug|Any CPU.Build.0 = Debug|Any CPU
		{5FBD0AF2-BE4E-4DB0-8BB0-9D432926651C}.Release|Any CPU.ActiveCfg = Release|Any CPU
		{5FBD0AF2-BE4E-4DB0-8BB0-9D432926651C}.Release|Any CPU.Build.0 = Release|Any CPU
	EndGlobalSection
	GlobalSection(SolutionProperties) = preSolution
		HideSolutionNode = FALSE
	EndGlobalSection
	GlobalSection(ExtensibilityGlobals) = postSolution
		SolutionGuid = {4A58A7A7-079A-4128-9700-002CE2D77B84}
	EndGlobalSection
EndGlobal
